
Microsoft Visual Studio Solution File, Format Version 12.00
# Visual Studio Version 16
VisualStudioVersion = 16.0.32126.315
MinimumVisualStudioVersion = 10.0.40219.1
Project("{FAE04EC0-301F-11D3-BF4B-00C04F79EFBC}") = "Agenda", "Agenda\Agenda.csproj", "{FC763F29-0B47-456C-89B8-CB30CAEB5F10}"
EndProject
Project("{FAE04EC0-301F-11D3-BF4B-00C04F79EFBC}") = "Agenda_Lib", "Agenda_Lib\Agenda_Lib.csproj", "{9A735DFE-0DD7-4839-A980-6933F92D6380}"
EndProject
Global
	GlobalSection(SolutionConfigurationPlatforms) = preSolution
		Debug|Any CPU = Debug|Any CPU
		Release|Any CPU = Release|Any CPU
	EndGlobalSection
	GlobalSection(ProjectConfigurationPlatforms) = postSolution
		{FC763F29-0B47-456C-89B8-CB30CAEB5F10}.Debug|Any CPU.ActiveCfg = Debug|Any CPU
		{FC763F29-0B47-456C-89B8-CB30CAEB5F10}.Debug|Any CPU.Build.0 = Debug|Any CPU
		{FC763F29-0B47-456C-89B8-CB30CAEB5F10}.Release|Any CPU.ActiveCfg = Release|Any CPU
		{FC763F29-0B47-456C-89B8-CB30CAEB5F10}.Release|Any CPU.Build.0 = Release|Any CPU
		{9A735DFE-0DD7-4839-A980-6933F92D6380}.Debug|Any CPU.ActiveCfg = Debug|Any CPU
		{9A735DFE-0DD7-4839-A980-6933F92D6380}.Debug|Any CPU.Build.0 = Debug|Any CPU
		{9A735DFE-0DD7-4839-A980-6933F92D6380}.Release|Any CPU.ActiveCfg = Release|Any CPU
		{9A735DFE-0DD7-4839-A980-6933F92D6380}.Release|Any CPU.Build.0 = Release|Any CPU
	EndGlobalSection
	GlobalSection(SolutionProperties) = preSolution
		HideSolutionNode = FALSE
	EndGlobalSection
	GlobalSection(ExtensibilityGlobals) = postSolution
		SolutionGuid = {FE057DC6-A45F-4648-BA7F-6C8A9217AE65}
	EndGlobalSection
EndGlobal
